
Microsoft Visual Studio Solution File, Format Version 12.00
# Visual Studio 15
VisualStudioVersion = 15.0.27428.2015
MinimumVisualStudioVersion = 10.0.40219.1
Project("{9A19103F-16F7-4668-BE54-9A1E7A4F7556}") = "RyanPenfold.Configuration", "RyanPenfold.Configuration\RyanPenfold.Configuration.csproj", "{2C7D07BF-A350-4783-BE8C-347A4BB4707D}"
EndProject
Project("{2150E333-8FDC-42A3-9474-1A3956D46DE8}") = "Tests", "Tests", "{CA8DFC3F-AE6C-404E-ACF1-6EF15E6A4D9B}"
EndProject
Project("{9A19103F-16F7-4668-BE54-9A1E7A4F7556}") = "RyanPenfold.Configuration.Tests.Unit", "RyanPenfold.Configuration.Tests.Unit\RyanPenfold.Configuration.Tests.Unit.csproj", "{65957430-3B5B-424D-904D-70D91BB724A4}"
EndProject
Global
	GlobalSection(SolutionConfigurationPlatforms) = preSolution
		Debug|Any CPU = Debug|Any CPU
		Release|Any CPU = Release|Any CPU
	EndGlobalSection
	GlobalSection(ProjectConfigurationPlatforms) = postSolution
		{2C7D07BF-A350-4783-BE8C-347A4BB4707D}.Debug|Any CPU.ActiveCfg = Debug|Any CPU
		{2C7D07BF-A350-4783-BE8C-347A4BB4707D}.Debug|Any CPU.Build.0 = Debug|Any CPU
		{2C7D07BF-A350-4783-BE8C-347A4BB4707D}.Release|Any CPU.ActiveCfg = Release|Any CPU
		{2C7D07BF-A350-4783-BE8C-347A4BB4707D}.Release|Any CPU.Build.0 = Release|Any CPU
		{65957430-3B5B-424D-904D-70D91BB724A4}.Debug|Any CPU.ActiveCfg = Debug|Any CPU
		{65957430-3B5B-424D-904D-70D91BB724A4}.Debug|Any CPU.Build.0 = Debug|Any CPU
		{65957430-3B5B-424D-904D-70D91BB724A4}.Release|Any CPU.ActiveCfg = Release|Any CPU
		{65957430-3B5B-424D-904D-70D91BB724A4}.Release|Any CPU.Build.0 = Release|Any CPU
	EndGlobalSection
	GlobalSection(SolutionProperties) = preSolution
		HideSolutionNode = FALSE
	EndGlobalSection
	GlobalSection(NestedProjects) = preSolution
		{65957430-3B5B-424D-904D-70D91BB724A4} = {CA8DFC3F-AE6C-404E-ACF1-6EF15E6A4D9B}
	EndGlobalSection
	GlobalSection(ExtensibilityGlobals) = postSolution
		SolutionGuid = {5FA5C82A-DEF1-479E-8449-82FCE6FA237E}
	EndGlobalSection
	GlobalSection(TeamFoundationVersionControl) = preSolution
		SccNumberOfProjects = 3
		SccEnterpriseProvider = {4CA58AB2-18FA-4F8D-95D4-32DDF27D184C}
		SccTeamFoundationServer = https://ryanpenfold.visualstudio.com/
		SccLocalPath0 = .
		SccProjectUniqueName1 = RyanPenfold.Configuration.Tests.Unit\\RyanPenfold.Configuration.Tests.Unit.csproj
		SccProjectTopLevelParentUniqueName1 = RyanPenfold.Configuration.sln
		SccProjectName1 = ../../RyanPenfold.Configuration/netcoreapp2.0/RyanPenfold.Configuration.Tests.Unit
		SccLocalPath1 = RyanPenfold.Configuration.Tests.Unit
		SccProjectUniqueName2 = RyanPenfold.Configuration\\RyanPenfold.Configuration.csproj
		SccProjectName2 = ../../RyanPenfold.Configuration/netcoreapp2.0/RyanPenfold.Configuration
		SccLocalPath2 = RyanPenfold.Configuration
	EndGlobalSection
EndGlobal
